
Microsoft Visual Studio Solution File, Format Version 12.00
# Visual Studio Version 16
VisualStudioVersion = 16.0.30804.86
MinimumVisualStudioVersion = 10.0.40219.1
Project("{2150E333-8FDC-42A3-9474-1A3956D46DE8}") = "BLL", "BLL", "{815D658D-F001-4F0E-916D-C60090386951}"
EndProject
Project("{2150E333-8FDC-42A3-9474-1A3956D46DE8}") = "DAL", "DAL", "{A0FBC24E-1BC4-4736-B41F-587E079DFBC7}"
EndProject
Project("{2150E333-8FDC-42A3-9474-1A3956D46DE8}") = "Model", "Model", "{6F0BC3F8-3E33-4A16-95EE-ED4154713A03}"
EndProject
Project("{2150E333-8FDC-42A3-9474-1A3956D46DE8}") = "Common", "Common", "{2833A374-64A2-4DF2-AC73-BABFF123A8C5}"
EndProject
Project("{2150E333-8FDC-42A3-9474-1A3956D46DE8}") = "API", "API", "{B938BE67-C3A8-49FB-B880-378B6F137F3C}"
EndProject
Project("{9A19103F-16F7-4668-BE54-9A1E7A4F7556}") = "CC.Jift.EFDAL", "CC.Jift.EFDAL\CC.Jift.EFDAL.csproj", "{7C20F63F-02FF-477E-9215-609B78E5C460}"
EndProject
Project("{9A19103F-16F7-4668-BE54-9A1E7A4F7556}") = "CC.Jift.IDAL", "CC.Jift.IDAL\CC.Jift.IDAL.csproj", "{95BFFCB8-0C20-4ECC-AA07-1114C070AC38}"
EndProject
Project("{9A19103F-16F7-4668-BE54-9A1E7A4F7556}") = "CC.Jift.DALFactory", "CC.Jift.DALFactory\CC.Jift.DALFactory.csproj", "{C1C34D6C-C14D-4FCB-B03C-F114B18A9439}"
EndProject
Project("{9A19103F-16F7-4668-BE54-9A1E7A4F7556}") = "CC.Jift.BLL", "CC.Jift.BLL\CC.Jift.BLL.csproj", "{707D9D0E-5554-4B03-B196-D86A0E8F1FE9}"
EndProject
Project("{9A19103F-16F7-4668-BE54-9A1E7A4F7556}") = "CC.Jift.IBLL", "CC.Jift.IBLL\CC.Jift.IBLL.csproj", "{3BADFF00-B4B1-4BE3-B217-96A7F4CAFE88}"
EndProject
Project("{9A19103F-16F7-4668-BE54-9A1E7A4F7556}") = "CC.Jift.Common", "CC.Jift.Common\CC.Jift.Common.csproj", "{8992E5D9-CB4E-499C-886C-59C75A06AD58}"
EndProject
Project("{9A19103F-16F7-4668-BE54-9A1E7A4F7556}") = "CC.Jift.Model", "CC.Jift.Model\CC.Jift.Model.csproj", "{023BB971-0B2B-4AA0-B093-6CF05888EBC5}"
EndProject
Project("{FAE04EC0-301F-11D3-BF4B-00C04F79EFBC}") = "CC.Jift.API", "CC.Jift.API\CC.Jift.API.csproj", "{9595E89C-4501-4AFA-8DE8-9E48FBF8F81E}"
EndProject
Global
	GlobalSection(SolutionConfigurationPlatforms) = preSolution
		Debug|Any CPU = Debug|Any CPU
		Release|Any CPU = Release|Any CPU
	EndGlobalSection
	GlobalSection(ProjectConfigurationPlatforms) = postSolution
		{7C20F63F-02FF-477E-9215-609B78E5C460}.Debug|Any CPU.ActiveCfg = Debug|Any CPU
		{7C20F63F-02FF-477E-9215-609B78E5C460}.Debug|Any CPU.Build.0 = Debug|Any CPU
		{7C20F63F-02FF-477E-9215-609B78E5C460}.Release|Any CPU.ActiveCfg = Release|Any CPU
		{7C20F63F-02FF-477E-9215-609B78E5C460}.Release|Any CPU.Build.0 = Release|Any CPU
		{95BFFCB8-0C20-4ECC-AA07-1114C070AC38}.Debug|Any CPU.ActiveCfg = Debug|Any CPU
		{95BFFCB8-0C20-4ECC-AA07-1114C070AC38}.Debug|Any CPU.Build.0 = Debug|Any CPU
		{95BFFCB8-0C20-4ECC-AA07-1114C070AC38}.Release|Any CPU.ActiveCfg = Release|Any CPU
		{95BFFCB8-0C20-4ECC-AA07-1114C070AC38}.Release|Any CPU.Build.0 = Release|Any CPU
		{C1C34D6C-C14D-4FCB-B03C-F114B18A9439}.Debug|Any CPU.ActiveCfg = Debug|Any CPU
		{C1C34D6C-C14D-4FCB-B03C-F114B18A9439}.Debug|Any CPU.Build.0 = Debug|Any CPU
		{C1C34D6C-C14D-4FCB-B03C-F114B18A9439}.Release|Any CPU.ActiveCfg = Release|Any CPU
		{C1C34D6C-C14D-4FCB-B03C-F114B18A9439}.Release|Any CPU.Build.0 = Release|Any CPU
		{707D9D0E-5554-4B03-B196-D86A0E8F1FE9}.Debug|Any CPU.ActiveCfg = Debug|Any CPU
		{707D9D0E-5554-4B03-B196-D86A0E8F1FE9}.Debug|Any CPU.Build.0 = Debug|Any CPU
		{707D9D0E-5554-4B03-B196-D86A0E8F1FE9}.Release|Any CPU.ActiveCfg = Release|Any CPU
		{707D9D0E-5554-4B03-B196-D86A0E8F1FE9}.Release|Any CPU.Build.0 = Release|Any CPU
		{3BADFF00-B4B1-4BE3-B217-96A7F4CAFE88}.Debug|Any CPU.ActiveCfg = Debug|Any CPU
		{3BADFF00-B4B1-4BE3-B217-96A7F4CAFE88}.Debug|Any CPU.Build.0 = Debug|Any CPU
		{3BADFF00-B4B1-4BE3-B217-96A7F4CAFE88}.Release|Any CPU.ActiveCfg = Release|Any CPU
		{3BADFF00-B4B1-4BE3-B217-96A7F4CAFE88}.Release|Any CPU.Build.0 = Release|Any CPU
		{8992E5D9-CB4E-499C-886C-59C75A06AD58}.Debug|Any CPU.ActiveCfg = Debug|Any CPU
		{8992E5D9-CB4E-499C-886C-59C75A06AD58}.Debug|Any CPU.Build.0 = Debug|Any CPU
		{8992E5D9-CB4E-499C-886C-59C75A06AD58}.Release|Any CPU.ActiveCfg = Release|Any CPU
		{8992E5D9-CB4E-499C-886C-59C75A06AD58}.Release|Any CPU.Build.0 = Release|Any CPU
		{023BB971-0B2B-4AA0-B093-6CF05888EBC5}.Debug|Any CPU.ActiveCfg = Debug|Any CPU
		{023BB971-0B2B-4AA0-B093-6CF05888EBC5}.Debug|Any CPU.Build.0 = Debug|Any CPU
		{023BB971-0B2B-4AA0-B093-6CF05888EBC5}.Release|Any CPU.ActiveCfg = Release|Any CPU
		{023BB971-0B2B-4AA0-B093-6CF05888EBC5}.Release|Any CPU.Build.0 = Release|Any CPU
		{9595E89C-4501-4AFA-8DE8-9E48FBF8F81E}.Debug|Any CPU.ActiveCfg = Debug|Any CPU
		{9595E89C-4501-4AFA-8DE8-9E48FBF8F81E}.Debug|Any CPU.Build.0 = Debug|Any CPU
		{9595E89C-4501-4AFA-8DE8-9E48FBF8F81E}.Release|Any CPU.ActiveCfg = Release|Any CPU
		{9595E89C-4501-4AFA-8DE8-9E48FBF8F81E}.Release|Any CPU.Build.0 = Release|Any CPU
	EndGlobalSection
	GlobalSection(SolutionProperties) = preSolution
		HideSolutionNode = FALSE
	EndGlobalSection
	GlobalSection(NestedProjects) = preSolution
		{7C20F63F-02FF-477E-9215-609B78E5C460} = {A0FBC24E-1BC4-4736-B41F-587E079DFBC7}
		{95BFFCB8-0C20-4ECC-AA07-1114C070AC38} = {A0FBC24E-1BC4-4736-B41F-587E079DFBC7}
		{C1C34D6C-C14D-4FCB-B03C-F114B18A9439} = {A0FBC24E-1BC4-4736-B41F-587E079DFBC7}
		{707D9D0E-5554-4B03-B196-D86A0E8F1FE9} = {815D658D-F001-4F0E-916D-C60090386951}
		{3BADFF00-B4B1-4BE3-B217-96A7F4CAFE88} = {815D658D-F001-4F0E-916D-C60090386951}
		{8992E5D9-CB4E-499C-886C-59C75A06AD58} = {2833A374-64A2-4DF2-AC73-BABFF123A8C5}
		{023BB971-0B2B-4AA0-B093-6CF05888EBC5} = {6F0BC3F8-3E33-4A16-95EE-ED4154713A03}
		{9595E89C-4501-4AFA-8DE8-9E48FBF8F81E} = {B938BE67-C3A8-49FB-B880-378B6F137F3C}
	EndGlobalSection
	GlobalSection(ExtensibilityGlobals) = postSolution
		SolutionGuid = {1A2954F2-4113-4887-A4F9-FC467C7D1703}
	EndGlobalSection
EndGlobal
